
Microsoft Visual Studio Solution File, Format Version 12.00
# Visual Studio Version 17
VisualStudioVersion = 17.4.33205.214
MinimumVisualStudioVersion = 10.0.40219.1
Project("{FAE04EC0-301F-11D3-BF4B-00C04F79EFBC}") = "MuiltyShop", "MuiltyShop\MuiltyShop.csproj", "{C5527DA9-FAE2-41AC-8234-27D09A8C8862}"
EndProject
Global
	GlobalSection(SolutionConfigurationPlatforms) = preSolution
		Debug|Any CPU = Debug|Any CPU
		Release|Any CPU = Release|Any CPU
	EndGlobalSection
	GlobalSection(ProjectConfigurationPlatforms) = postSolution
		{C5527DA9-FAE2-41AC-8234-27D09A8C8862}.Debug|Any CPU.ActiveCfg = Debug|Any CPU
		{C5527DA9-FAE2-41AC-8234-27D09A8C8862}.Debug|Any CPU.Build.0 = Debug|Any CPU
		{C5527DA9-FAE2-41AC-8234-27D09A8C8862}.Release|Any CPU.ActiveCfg = Release|Any CPU
		{C5527DA9-FAE2-41AC-8234-27D09A8C8862}.Release|Any CPU.Build.0 = Release|Any CPU
	EndGlobalSection
	GlobalSection(SolutionProperties) = preSolution
		HideSolutionNode = FALSE
	EndGlobalSection
	GlobalSection(ExtensibilityGlobals) = postSolution
		SolutionGuid = {B7CE0E1E-A9BF-406A-86BD-D21FEF3125C3}
	EndGlobalSection
EndGlobal
